
Microsoft Visual Studio Solution File, Format Version 12.00
# Visual Studio Version 17
VisualStudioVersion = 17.12.35707.178
MinimumVisualStudioVersion = 10.0.40219.1
Project("{FAE04EC0-301F-11D3-BF4B-00C04F79EFBC}") = "PdfToMarkdown", "PdfToMarkdown.csproj", "{501F328B-D0F6-422C-8B98-9FA2E86B31FF}"
EndProject
Project("{FAE04EC0-301F-11D3-BF4B-00C04F79EFBC}") = "Assignment3", "..\Assignment3\Assignment3.csproj", "{420FF842-E62A-42EF-842C-68F8B3B8EEA7}"
EndProject
Global
	GlobalSection(SolutionConfigurationPlatforms) = preSolution
		Debug|Any CPU = Debug|Any CPU
		Release|Any CPU = Release|Any CPU
	EndGlobalSection
	GlobalSection(ProjectConfigurationPlatforms) = postSolution
		{501F328B-D0F6-422C-8B98-9FA2E86B31FF}.Debug|Any CPU.ActiveCfg = Debug|Any CPU
		{501F328B-D0F6-422C-8B98-9FA2E86B31FF}.Debug|Any CPU.Build.0 = Debug|Any CPU
		{501F328B-D0F6-422C-8B98-9FA2E86B31FF}.Release|Any CPU.ActiveCfg = Release|Any CPU
		{501F328B-D0F6-422C-8B98-9FA2E86B31FF}.Release|Any CPU.Build.0 = Release|Any CPU
		{420FF842-E62A-42EF-842C-68F8B3B8EEA7}.Debug|Any CPU.ActiveCfg = Debug|Any CPU
		{420FF842-E62A-42EF-842C-68F8B3B8EEA7}.Debug|Any CPU.Build.0 = Debug|Any CPU
		{420FF842-E62A-42EF-842C-68F8B3B8EEA7}.Release|Any CPU.ActiveCfg = Release|Any CPU
		{420FF842-E62A-42EF-842C-68F8B3B8EEA7}.Release|Any CPU.Build.0 = Release|Any CPU
	EndGlobalSection
	GlobalSection(SolutionProperties) = preSolution
		HideSolutionNode = FALSE
	EndGlobalSection
EndGlobal
